
Microsoft Visual Studio Solution File, Format Version 12.00
# Visual Studio 15
VisualStudioVersion = 15.0.27428.2011
MinimumVisualStudioVersion = 10.0.40219.1
Project("{FAE04EC0-301F-11D3-BF4B-00C04F79EFBC}") = "CDM", "CDM\CDM.csproj", "{7F2F5D5B-719D-4EEF-BB5B-A8B29333A84D}"
EndProject
Global
	GlobalSection(SolutionConfigurationPlatforms) = preSolution
		Debug|Any CPU = Debug|Any CPU
		Release|Any CPU = Release|Any CPU
	EndGlobalSection
	GlobalSection(ProjectConfigurationPlatforms) = postSolution
		{7F2F5D5B-719D-4EEF-BB5B-A8B29333A84D}.Debug|Any CPU.ActiveCfg = Debug|Any CPU
		{7F2F5D5B-719D-4EEF-BB5B-A8B29333A84D}.Debug|Any CPU.Build.0 = Debug|Any CPU
		{7F2F5D5B-719D-4EEF-BB5B-A8B29333A84D}.Release|Any CPU.ActiveCfg = Release|Any CPU
		{7F2F5D5B-719D-4EEF-BB5B-A8B29333A84D}.Release|Any CPU.Build.0 = Release|Any CPU
	EndGlobalSection
	GlobalSection(SolutionProperties) = preSolution
		HideSolutionNode = FALSE
	EndGlobalSection
	GlobalSection(ExtensibilityGlobals) = postSolution
		SolutionGuid = {5A9F0719-148F-48CB-8CF9-1A77009B650F}
	EndGlobalSection
EndGlobal
